
Microsoft Visual Studio Solution File, Format Version 12.00
# Visual Studio 15
VisualStudioVersion = 15.0.27004.2008
MinimumVisualStudioVersion = 10.0.40219.1
Project("{9A19103F-16F7-4668-BE54-9A1E7A4F7556}") = "01. Reverse Numbers", "01. Reverse Numbers\01. Reverse Numbers.csproj", "{AA610052-F3CB-4FAB-BE12-0110398A3197}"
EndProject
Project("{9A19103F-16F7-4668-BE54-9A1E7A4F7556}") = "02. Basic Stack Operations", "02. Basic Stack Operations\02. Basic Stack Operations.csproj", "{E75820D6-F8A0-4CE1-AF0A-3A3D71BD285D}"
EndProject
Project("{9A19103F-16F7-4668-BE54-9A1E7A4F7556}") = "03. Maximum Element", "03. Maximum Element\03. Maximum Element.csproj", "{575F31AA-3D27-4BF2-978E-A3CB66B5513A}"
EndProject
Project("{9A19103F-16F7-4668-BE54-9A1E7A4F7556}") = "04. Basic Queue Operations", "04. Basic Queue Operations\04. Basic Queue Operations.csproj", "{6BCE9268-46B3-48D2-8372-2F6668A1C50E}"
EndProject
Project("{9A19103F-16F7-4668-BE54-9A1E7A4F7556}") = "05. Sequence With Queue", "05. Sequence With Queue\05. Sequence With Queue.csproj", "{387B80D0-15FF-4773-A47F-CBF220F0D8C2}"
EndProject
Project("{9A19103F-16F7-4668-BE54-9A1E7A4F7556}") = "06. Truck Tour", "06. Truck Tour\06. Truck Tour.csproj", "{B96B1A88-4B0C-4046-8A4A-E797A1FFE552}"
EndProject
Project("{9A19103F-16F7-4668-BE54-9A1E7A4F7556}") = "07. Balanced Parenthesis", "07. Balanced Parenthesis\07. Balanced Parenthesis.csproj", "{5FC9218F-BAC6-4281-AA43-3B325CC31772}"
EndProject
Project("{9A19103F-16F7-4668-BE54-9A1E7A4F7556}") = "08. Recursive Fibonacci", "08. Recursive Fibonacci\08. Recursive Fibonacci.csproj", "{D32C30F3-AE7D-4445-89E7-7A5A692C9847}"
EndProject
Project("{9A19103F-16F7-4668-BE54-9A1E7A4F7556}") = "08. Recursive Fibonacci(Second v)", "08. Recursive Fibonacci(Second v)\08. Recursive Fibonacci(Second v).csproj", "{6E7CB3B5-0976-4346-9263-9E6472D18C7B}"
EndProject
Project("{FAE04EC0-301F-11D3-BF4B-00C04F79EFBC}") = "09. Stack Fibonacci", "09. Stack Fibonacci\09. Stack Fibonacci.csproj", "{8C4DDD31-E21E-48D2-A308-89F7C409EB2F}"
EndProject
Project("{FAE04EC0-301F-11D3-BF4B-00C04F79EFBC}") = "10. Simple Text Editor", "10. Simple Text Editor\10. Simple Text Editor.csproj", "{E6647F3E-0453-4619-A1AB-A7485CC993F6}"
EndProject
Project("{FAE04EC0-301F-11D3-BF4B-00C04F79EFBC}") = "11. Poisonous Plants", "11. Poisonous Plants\11. Poisonous Plants.csproj", "{60D04440-021C-483A-9FCD-09B9048AA06B}"
EndProject
Global
	GlobalSection(SolutionConfigurationPlatforms) = preSolution
		Debug|Any CPU = Debug|Any CPU
		Release|Any CPU = Release|Any CPU
	EndGlobalSection
	GlobalSection(ProjectConfigurationPlatforms) = postSolution
		{AA610052-F3CB-4FAB-BE12-0110398A3197}.Debug|Any CPU.ActiveCfg = Debug|Any CPU
		{AA610052-F3CB-4FAB-BE12-0110398A3197}.Debug|Any CPU.Build.0 = Debug|Any CPU
		{AA610052-F3CB-4FAB-BE12-0110398A3197}.Release|Any CPU.ActiveCfg = Release|Any CPU
		{AA610052-F3CB-4FAB-BE12-0110398A3197}.Release|Any CPU.Build.0 = Release|Any CPU
		{E75820D6-F8A0-4CE1-AF0A-3A3D71BD285D}.Debug|Any CPU.ActiveCfg = Debug|Any CPU
		{E75820D6-F8A0-4CE1-AF0A-3A3D71BD285D}.Debug|Any CPU.Build.0 = Debug|Any CPU
		{E75820D6-F8A0-4CE1-AF0A-3A3D71BD285D}.Release|Any CPU.ActiveCfg = Release|Any CPU
		{E75820D6-F8A0-4CE1-AF0A-3A3D71BD285D}.Release|Any CPU.Build.0 = Release|Any CPU
		{575F31AA-3D27-4BF2-978E-A3CB66B5513A}.Debug|Any CPU.ActiveCfg = Debug|Any CPU
		{575F31AA-3D27-4BF2-978E-A3CB66B5513A}.Debug|Any CPU.Build.0 = Debug|Any CPU
		{575F31AA-3D27-4BF2-978E-A3CB66B5513A}.Release|Any CPU.ActiveCfg = Release|Any CPU
		{575F31AA-3D27-4BF2-978E-A3CB66B5513A}.Release|Any CPU.Build.0 = Release|Any CPU
		{6BCE9268-46B3-48D2-8372-2F6668A1C50E}.Debug|Any CPU.ActiveCfg = Debug|Any CPU
		{6BCE9268-46B3-48D2-8372-2F6668A1C50E}.Debug|Any CPU.Build.0 = Debug|Any CPU
		{6BCE9268-46B3-48D2-8372-2F6668A1C50E}.Release|Any CPU.ActiveCfg = Release|Any CPU
		{6BCE9268-46B3-48D2-8372-2F6668A1C50E}.Release|Any CPU.Build.0 = Release|Any CPU
		{387B80D0-15FF-4773-A47F-CBF220F0D8C2}.Debug|Any CPU.ActiveCfg = Debug|Any CPU
		{387B80D0-15FF-4773-A47F-CBF220F0D8C2}.Debug|Any CPU.Build.0 = Debug|Any CPU
		{387B80D0-15FF-4773-A47F-CBF220F0D8C2}.Release|Any CPU.ActiveCfg = Release|Any CPU
		{387B80D0-15FF-4773-A47F-CBF220F0D8C2}.Release|Any CPU.Build.0 = Release|Any CPU
		{B96B1A88-4B0C-4046-8A4A-E797A1FFE552}.Debug|Any CPU.ActiveCfg = Debug|Any CPU
		{B96B1A88-4B0C-4046-8A4A-E797A1FFE552}.Debug|Any CPU.Build.0 = Debug|Any CPU
		{B96B1A88-4B0C-4046-8A4A-E797A1FFE552}.Release|Any CPU.ActiveCfg = Release|Any CPU
		{B96B1A88-4B0C-4046-8A4A-E797A1FFE552}.Release|Any CPU.Build.0 = Release|Any CPU
		{5FC9218F-BAC6-4281-AA43-3B325CC31772}.Debug|Any CPU.ActiveCfg = Debug|Any CPU
		{5FC9218F-BAC6-4281-AA43-3B325CC31772}.Debug|Any CPU.Build.0 = Debug|Any CPU
		{5FC9218F-BAC6-4281-AA43-3B325CC31772}.Release|Any CPU.ActiveCfg = Release|Any CPU
		{5FC9218F-BAC6-4281-AA43-3B325CC31772}.Release|Any CPU.Build.0 = Release|Any CPU
		{D32C30F3-AE7D-4445-89E7-7A5A692C9847}.Debug|Any CPU.ActiveCfg = Debug|Any CPU
		{D32C30F3-AE7D-4445-89E7-7A5A692C9847}.Debug|Any CPU.Build.0 = Debug|Any CPU
		{D32C30F3-AE7D-4445-89E7-7A5A692C9847}.Release|Any CPU.ActiveCfg = Release|Any CPU
		{D32C30F3-AE7D-4445-89E7-7A5A692C9847}.Release|Any CPU.Build.0 = Release|Any CPU
		{6E7CB3B5-0976-4346-9263-9E6472D18C7B}.Debug|Any CPU.ActiveCfg = Debug|Any CPU
		{6E7CB3B5-0976-4346-9263-9E6472D18C7B}.Debug|Any CPU.Build.0 = Debug|Any CPU
		{6E7CB3B5-0976-4346-9263-9E6472D18C7B}.Release|Any CPU.ActiveCfg = Release|Any CPU
		{6E7CB3B5-0976-4346-9263-9E6472D18C7B}.Release|Any CPU.Build.0 = Release|Any CPU
		{8C4DDD31-E21E-48D2-A308-89F7C409EB2F}.Debug|Any CPU.ActiveCfg = Debug|Any CPU
		{8C4DDD31-E21E-48D2-A308-89F7C409EB2F}.Debug|Any CPU.Build.0 = Debug|Any CPU
		{8C4DDD31-E21E-48D2-A308-89F7C409EB2F}.Release|Any CPU.ActiveCfg = Release|Any CPU
		{8C4DDD31-E21E-48D2-A308-89F7C409EB2F}.Release|Any CPU.Build.0 = Release|Any CPU
		{E6647F3E-0453-4619-A1AB-A7485CC993F6}.Debug|Any CPU.ActiveCfg = Debug|Any CPU
		{E6647F3E-0453-4619-A1AB-A7485CC993F6}.Debug|Any CPU.Build.0 = Debug|Any CPU
		{E6647F3E-0453-4619-A1AB-A7485CC993F6}.Release|Any CPU.ActiveCfg = Release|Any CPU
		{E6647F3E-0453-4619-A1AB-A7485CC993F6}.Release|Any CPU.Build.0 = Release|Any CPU
		{60D04440-021C-483A-9FCD-09B9048AA06B}.Debug|Any CPU.ActiveCfg = Debug|Any CPU
		{60D04440-021C-483A-9FCD-09B9048AA06B}.Debug|Any CPU.Build.0 = Debug|Any CPU
		{60D04440-021C-483A-9FCD-09B9048AA06B}.Release|Any CPU.ActiveCfg = Release|Any CPU
		{60D04440-021C-483A-9FCD-09B9048AA06B}.Release|Any CPU.Build.0 = Release|Any CPU
	EndGlobalSection
	GlobalSection(SolutionProperties) = preSolution
		HideSolutionNode = FALSE
	EndGlobalSection
	GlobalSection(ExtensibilityGlobals) = postSolution
		SolutionGuid = {FDE524CF-E8E1-486D-B934-41CD29F62194}
	EndGlobalSection
EndGlobal
